dependencies:
  espressif/esp_audio_codec:
    component_hash: af4663830bc73eca58febcc34a976d003465e78ed57458aa00a14b231e392ca1
    dependencies:
    - name: idf
      require: private
      version: '>=4.4'
    source:
      registry_url: https://components.espressif.com/
      type: service
    version: 2.4.1
  espressif/esp_libsrtp:
    component_hash: 131560184c73ec09f77d8904a2db709307803f0f9f111898921b6966776eac15
    dependencies: []
    source:
      registry_url: https://components.espressif.com
      type: service
    version: 1.0.0
  espressif/esp_lvgl_port:
    component_hash: fb6c1fdfe70d4ca39a035d63ca394a35f17ec84ce16ff98ecb13a54155d75da4
    dependencies:
    - name: idf
      require: private
      version: '>=5.2'
    - name: lvgl/lvgl
      registry_url: https://components.espressif.com
      require: public
      version: '>=8,<10'
    source:
      registry_url: https://components.espressif.com/
      type: service
    version: 2.8.0~1
  espressif/esp_peer:
    component_hash: 338746a4102dde1b6894c926e0413eae5e5b31b34847a4bd10197c934fecc00a
    dependencies:
    - name: espressif/esp_libsrtp
      registry_url: https://components.espressif.com
      require: private
      version: ^1.0.0
    source:
      registry_url: https://components.espressif.com/
      type: service
    version: 1.5.3
  espressif/esp_websocket_client:
    component_hash: 3fb288702517ef4d75bf933a115f1056ee0c2540d964f9e1d856e0bb67e1dfeb
    dependencies:
    - name: idf
      require: private
      version: '>=5.0'
    source:
      registry_url: https://components.espressif.com/
      type: service
    version: 1.7.0
  espressif/mdns:
    component_hash: 29e47564b1a7ee778135e17fbbf2a2773f71c97ebabfe626c8eda7c958a7ad16
    dependencies:
    - name: idf
      require: private
      version: '>=5.0'
    source:
      registry_url: https://components.espressif.com/
      type: service
    version: 1.9.1
  espressif/wasm-micro-runtime:
    component_hash: 04f25aad2896b5e906397a061d35cce560609bebd3913a4be7e365ecbf2dd9d6
    dependencies:
    - name: idf
      require: private
      version: '>=5.1'
    source:
      registry_url: https://components.espressif.com/
      type: service
    targets:
    - esp32
    - esp32s3
    - esp32c3
    - esp32c6
    - esp32p4
    - esp32c5
    version: 2.4.0~1
  idf:
    source:
      type: idf
    version: 5.5.5
  lvgl/lvgl:
    component_hash: 184e532558c1c45fefed631f3e235423d22582aafb4630f3e8885c35281a49ae
    dependencies: []
    source:
      registry_url: https://components.espressif.com/
      type: service
    version: 9.5.0
  m5stack/m5gfx:
    component_hash: a0d59be99d469d0144bacf0ddf420cdd2a3328f6c392f074b590b56c20b84763
    dependencies: []
    source:
      registry_url: https://components.espressif.com
      type: service
    version: 0.2.28
  m5stack/m5unified:
    component_hash: 85ab29e360fde0623ce30c8b8323d9f2c00acfffade19b104d6b7741b592e9ef
    dependencies:
    - name: m5stack/m5gfx
      registry_url: https://components.espressif.com
      require: private
      version: '>=0.2.26'
    source:
      registry_url: https://components.espressif.com/
      type: service
    version: 0.2.19
  wolfssl/wolfssl:
    component_hash: 4d619e882c19d967bbaa53302e3bd2bdb8c611b5efb13302171aace809fccfdf
    dependencies: []
    source:
      registry_url: https://components.espressif.com/
      type: service
    version: 5.8.2~1
direct_dependencies:
- espressif/esp_audio_codec
- espressif/esp_lvgl_port
- espressif/esp_peer
- espressif/esp_websocket_client
- espressif/mdns
- espressif/wasm-micro-runtime
- idf
- lvgl/lvgl
- m5stack/m5unified
- wolfssl/wolfssl
manifest_hash: 8901ecfb8652c7ad1d52bac496f4d9a47b7282657c904561dbac5e182b0548db
target: esp32s3
version: 2.0.0
